
Microsoft Visual Studio Solution File, Format Version 12.00
# Visual Studio 15
Project("{FAE04EC0-301F-11D3-BF4B-00C04F79EFBC}") = "Assembly-CSharp", "Assembly-CSharp.csproj", "{52FCD051-7319-213E-F2C1-2D573A6DC480}"
EndProject
Project("{FAE04EC0-301F-11D3-BF4B-00C04F79EFBC}") = "Assembly-CSharp-Editor", "Assembly-CSharp-Editor.csproj", "{8D0E9869-3CE5-A736-D08E-26B5CF5D09EC}"
EndProject
Global
	GlobalSection(SolutionConfigurationPlatforms) = preSolution
		Debug|Any CPU = Debug|Any CPU
		Release|Any CPU = Release|Any CPU
	EndGlobalSection
	GlobalSection(ProjectConfigurationPlatforms) = postSolution
		{52FCD051-7319-213E-F2C1-2D573A6DC480}.Debug|Any CPU.ActiveCfg = Debug|Any CPU
		{52FCD051-7319-213E-F2C1-2D573A6DC480}.Debug|Any CPU.Build.0 = Debug|Any CPU
		{52FCD051-7319-213E-F2C1-2D573A6DC480}.Release|Any CPU.ActiveCfg = Release|Any CPU
		{52FCD051-7319-213E-F2C1-2D573A6DC480}.Release|Any CPU.Build.0 = Release|Any CPU
		{8D0E9869-3CE5-A736-D08E-26B5CF5D09EC}.Debug|Any CPU.ActiveCfg = Debug|Any CPU
		{8D0E9869-3CE5-A736-D08E-26B5CF5D09EC}.Debug|Any CPU.Build.0 = Debug|Any CPU
		{8D0E9869-3CE5-A736-D08E-26B5CF5D09EC}.Release|Any CPU.ActiveCfg = Release|Any CPU
		{8D0E9869-3CE5-A736-D08E-26B5CF5D09EC}.Release|Any CPU.Build.0 = Release|Any CPU
	EndGlobalSection
	GlobalSection(SolutionProperties) = preSolution
		HideSolutionNode = FALSE
	EndGlobalSection
EndGlobal
